github.com/chifu1234/fmcClient v0.0.0-20200704210844-be6dcc496ad5 h1:oOkdqlfi8tG7alR+1jhYlQzlStxz6yKtUHuF8BEX9NY=
github.com/chifu1234/fmcClient v0.0.0-20200704210844-be6dcc496ad5/go.mod h1:9yhNFhh+QEeuySO9k0ZCU/SibTcaTcieg3ZMW45NsjY=
github.com/chifu1234/fmcClient v0.0.0-20200705192634-e8cb3ddf204b h1:Rt6umQdwbOecZpFwMOGDeUGKJAaehf2U6y0zRBrAwQ8=
github.com/chifu1234/fmcClient v0.0.0-20200705192634-e8cb3ddf204b/go.mod h1:Y0eAn2v5/NzJ/jlAl+ppV7TmBpNyfoyJ0oiAW3nos8Y=
